// !$*UTF8*$!
{
	archiveVersion = 1;
	classes = {
	};
	objectVersion = 48;
	objects = {

/* Begin PBXBuildFile section */
		0417D7EA213A302F00E3B973 /* Food.swift in Sources */ = {isa = PBXBuildFile; fileRef = 0417D7E9213A302F00E3B973 /* Food.swift */; };
		0417D7F0213C4CF500E3B973 /* UnitOfMeasure.swift in Sources */ = {isa = PBXBuildFile; fileRef = 0417D7EF213C4CF400E3B973 /* UnitOfMeasure.swift */; };
		042D5E3920E047D0004604BD /* UserData.swift in Sources */ = {isa = PBXBuildFile; fileRef = 042D5E3820E047D0004604BD /* UserData.swift */; };
		045A4B4120C5D81B00EE7DB5 /* AddFoodViewController.swift in Sources */ = {isa = PBXBuildFile; fileRef = 045A4B4020C5D81B00EE7DB5 /* AddFoodViewController.swift */; };
		04679A74208D3C23006A2434 /* AppDelegate.swift in Sources */ = {isa = PBXBuildFile; fileRef = 04679A73208D3C23006A2434 /* AppDelegate.swift */; };
		04679A76208D3C23006A2434 /* GoalViewController.swift in Sources */ = {isa = PBXBuildFile; fileRef = 04679A75208D3C23006A2434 /* GoalViewController.swift */; };
		04679A79208D3C23006A2434 /* Main.storyboard in Resources */ = {isa = PBXBuildFile; fileRef = 04679A77208D3C23006A2434 /* Main.storyboard */; };
		04679A7B208D3C23006A2434 /* Assets.xcassets in Resources */ = {isa = PBXBuildFile; fileRef = 04679A7A208D3C23006A2434 /* Assets.xcassets */; };
		04679A7E208D3C23006A2434 /* LaunchScreen.storyboard in Resources */ = {isa = PBXBuildFile; fileRef = 04679A7C208D3C23006A2434 /* LaunchScreen.storyboard */; };
		04679A89208D3C24006A2434 /* Prototype_WireframeTests.swift in Sources */ = {isa = PBXBuildFile; fileRef = 04679A88208D3C24006A2434 /* Prototype_WireframeTests.swift */; };
		04679A94208D3C24006A2434 /* Prototype_WireframeUITests.swift in Sources */ = {isa = PBXBuildFile; fileRef = 04679A93208D3C24006A2434 /* Prototype_WireframeUITests.swift */; };
		04679AA4208D3DB9006A2434 /* LogTableViewController.swift in Sources */ = {isa = PBXBuildFile; fileRef = 04679AA3208D3DB9006A2434 /* LogTableViewController.swift */; };
		04679AAA209505E8006A2434 /* GoalPageViewController.swift in Sources */ = {isa = PBXBuildFile; fileRef = 04679AA9209505E8006A2434 /* GoalPageViewController.swift */; };
		046C05B120BE2F3C00AC1ECA /* UserFoodCell.swift in Sources */ = {isa = PBXBuildFile; fileRef = 046C05B020BE2F3C00AC1ECA /* UserFoodCell.swift */; };
		046C05B320BE5EA600AC1ECA /* DetailViewController.swift in Sources */ = {isa = PBXBuildFile; fileRef = 046C05B220BE5EA600AC1ECA /* DetailViewController.swift */; };
		0471104E20C37EE10049D29C /* WelcomeViewController.swift in Sources */ = {isa = PBXBuildFile; fileRef = 0471104D20C37EE10049D29C /* WelcomeViewController.swift */; };
		0471105020C383080049D29C /* GoogleService-Info.plist in Resources */ = {isa = PBXBuildFile; fileRef = 0471104F20C383080049D29C /* GoogleService-Info.plist */; };
		0471105220C39B4B0049D29C /* RegisterViewController.swift in Sources */ = {isa = PBXBuildFile; fileRef = 0471105120C39B4B0049D29C /* RegisterViewController.swift */; };
		0471105820C39C080049D29C /* LoginViewController.swift in Sources */ = {isa = PBXBuildFile; fileRef = 0471105720C39C080049D29C /* LoginViewController.swift */; };
		04AC4D7A20C710D3003D5762 /* MenuBar.swift in Sources */ = {isa = PBXBuildFile; fileRef = 04AC4D7920C710D3003D5762 /* MenuBar.swift */; };
		04D1D38920DA0DA5005A0404 /* DBFoodCell.swift in Sources */ = {isa = PBXBuildFile; fileRef = 04D1D38820DA0DA4005A0404 /* DBFoodCell.swift */; };
		04D52F0220EDA2B200958B46 /* DBFood.swift in Sources */ = {isa = PBXBuildFile; fileRef = 04D52F0120EDA2B200958B46 /* DBFood.swift */; };
		04D52F042120C30400958B46 /* LogViewController.swift in Sources */ = {isa = PBXBuildFile; fileRef = 04D52F032120C30400958B46 /* LogViewController.swift */; };
		5E5899CDE2922C2E7804D75F /* Pods_Prototype_WireframeUITests.framework in Frameworks */ = {isa = PBXBuildFile; fileRef = DCF7BB278175FA58CC231DDE /* Pods_Prototype_WireframeUITests.framework */; };
		99FA5798A947C67AF6FBEF2B /* Pods_Prototype_WireframeTests.framework in Frameworks */ = {isa = PBXBuildFile; fileRef = 4B80F1FEECCF48F4CDA0CBDA /* Pods_Prototype_WireframeTests.framework */; };
		D26ABB6730E5047E9DE87EC1 /* Pods_Prototype_Wireframe.framework in Frameworks */ = {isa = PBXBuildFile; fileRef = BB2BB8C522B6456DD732DEFA /* Pods_Prototype_Wireframe.framework */; };
/* End PBXBuildFile section */

/* Begin PBXContainerItemProxy section */
		04679A85208D3C23006A2434 /* PBXContainerItemProxy */ = {
			isa = PBXContainerItemProxy;
			containerPortal = 04679A68208D3C23006A2434 /* Project object */;
			proxyType = 1;
			remoteGlobalIDString = 04679A6F208D3C23006A2434;
			remoteInfo = "Prototype Wireframe";
		};
		04679A90208D3C24006A2434 /* PBXContainerItemProxy */ = {
			isa = PBXContainerItemProxy;
			containerPortal = 04679A68208D3C23006A2434 /* Project object */;
			proxyType = 1;
			remoteGlobalIDString = 04679A6F208D3C23006A2434;
			remoteInfo = "Prototype Wireframe";
		};
/* End PBXContainerItemProxy section */

/* Begin PBXFileReference section */
		0417D7E9213A302F00E3B973 /* Food.swift */ = {isa = PBXFileReference; fileEncoding = 4; lastKnownFileType = sourcecode.swift; name = Food.swift; path = "Prototype Wireframe/Model/Food.swift"; sourceTree = SOURCE_ROOT; };
		0417D7EF213C4CF400E3B973 /* UnitOfMeasure.swift */ = {isa = PBXFileReference; fileEncoding = 4; lastKnownFileType = sourcecode.swift; path = UnitOfMeasure.swift; sourceTree = "<group>"; };
		042D5E3820E047D0004604BD /* UserData.swift */ = {isa = PBXFileReference; lastKnownFileType = sourcecode.swift; path = UserData.swift; sourceTree = "<group>"; };
		045A4B4020C5D81B00EE7DB5 /* AddFoodViewController.swift */ = {isa = PBXFileReference; lastKnownFileType = sourcecode.swift; path = AddFoodViewController.swift; sourceTree = "<group>"; };
		04679A70208D3C23006A2434 /* Prototype Wireframe.app */ = {isa = PBXFileReference; explicitFileType = wrapper.application; includeInIndex = 0; path = "Prototype Wireframe.app"; sourceTree = BUILT_PRODUCTS_DIR; };
		04679A73208D3C23006A2434 /* AppDelegate.swift */ = {isa = PBXFileReference; lastKnownFileType = sourcecode.swift; path = AppDelegate.swift; sourceTree = "<group>"; };
		04679A75208D3C23006A2434 /* GoalViewController.swift */ = {isa = PBXFileReference; lastKnownFileType = sourcecode.swift; path = GoalViewController.swift; sourceTree = "<group>"; };
		04679A78208D3C23006A2434 /* Base */ = {isa = PBXFileReference; lastKnownFileType = file.storyboard; name = Base; path = Base.lproj/Main.storyboard; sourceTree = "<group>"; };
		04679A7A208D3C23006A2434 /* Assets.xcassets */ = {isa = PBXFileReference; lastKnownFileType = folder.assetcatalog; path = Assets.xcassets; sourceTree = "<group>"; };
		04679A7D208D3C23006A2434 /* Base */ = {isa = PBXFileReference; lastKnownFileType = file.storyboard; name = Base; path = Base.lproj/LaunchScreen.storyboard; sourceTree = "<group>"; };
		04679A7F208D3C23006A2434 /* Info.plist */ = {isa = PBXFileReference; lastKnownFileType = text.plist.xml; path = Info.plist; sourceTree = "<group>"; };
		04679A84208D3C23006A2434 /* Prototype WireframeTests.xctest */ = {isa = PBXFileReference; explicitFileType = wrapper.cfbundle; includeInIndex = 0; path = "Prototype WireframeTests.xctest"; sourceTree = BUILT_PRODUCTS_DIR; };
		04679A88208D3C24006A2434 /* Prototype_WireframeTests.swift */ = {isa = PBXFileReference; lastKnownFileType = sourcecode.swift; path = Prototype_WireframeTests.swift; sourceTree = "<group>"; };
		04679A8A208D3C24006A2434 /* Info.plist */ = {isa = PBXFileReference; lastKnownFileType = text.plist.xml; path = Info.plist; sourceTree = "<group>"; };
		04679A8F208D3C24006A2434 /* Prototype WireframeUITests.xctest */ = {isa = PBXFileReference; explicitFileType = wrapper.cfbundle; includeInIndex = 0; path = "Prototype WireframeUITests.xctest"; sourceTree = BUILT_PRODUCTS_DIR; };
		04679A93208D3C24006A2434 /* Prototype_WireframeUITests.swift */ = {isa = PBXFileReference; lastKnownFileType = sourcecode.swift; path = Prototype_WireframeUITests.swift; sourceTree = "<group>"; };
		04679A95208D3C24006A2434 /* Info.plist */ = {isa = PBXFileReference; lastKnownFileType = text.plist.xml; path = Info.plist; sourceTree = "<group>"; };
		04679AA3208D3DB9006A2434 /* LogTableViewController.swift */ = {isa = PBXFileReference; lastKnownFileType = sourcecode.swift; path = LogTableViewController.swift; sourceTree = "<group>"; };
		04679AA9209505E8006A2434 /* GoalPageViewController.swift */ = {isa = PBXFileReference; lastKnownFileType = sourcecode.swift; path = GoalPageViewController.swift; sourceTree = "<group>"; };
		046C05B020BE2F3C00AC1ECA /* UserFoodCell.swift */ = {isa = PBXFileReference; lastKnownFileType = sourcecode.swift; name = UserFoodCell.swift; path = "../Model/Old Food/UserFoodCell.swift"; sourceTree = "<group>"; };
		046C05B220BE5EA600AC1ECA /* DetailViewController.swift */ = {isa = PBXFileReference; lastKnownFileType = sourcecode.swift; path = DetailViewController.swift; sourceTree = "<group>"; };
		0471104D20C37EE10049D29C /* WelcomeViewController.swift */ = {isa = PBXFileReference; lastKnownFileType = sourcecode.swift; path = WelcomeViewController.swift; sourceTree = "<group>"; };
		0471104F20C383080049D29C /* GoogleService-Info.plist */ = {isa = PBXFileReference; fileEncoding = 4; lastKnownFileType = text.plist.xml; path = "GoogleService-Info.plist"; sourceTree = "<group>"; };
		0471105120C39B4B0049D29C /* RegisterViewController.swift */ = {isa = PBXFileReference; lastKnownFileType = sourcecode.swift; path = RegisterViewController.swift; sourceTree = "<group>"; };
		0471105720C39C080049D29C /* LoginViewController.swift */ = {isa = PBXFileReference; lastKnownFileType = sourcecode.swift; path = LoginViewController.swift; sourceTree = "<group>"; };
		04AC4D7920C710D3003D5762 /* MenuBar.swift */ = {isa = PBXFileReference; lastKnownFileType = sourcecode.swift; path = MenuBar.swift; sourceTree = "<group>"; };
		04D1D38820DA0DA4005A0404 /* DBFoodCell.swift */ = {isa = PBXFileReference; fileEncoding = 4; lastKnownFileType = sourcecode.swift; name = DBFoodCell.swift; path = "Prototype Wireframe/View/DBFoodCell.swift"; sourceTree = SOURCE_ROOT; };
		04D52F0120EDA2B200958B46 /* DBFood.swift */ = {isa = PBXFileReference; lastKnownFileType = sourcecode.swift; path = DBFood.swift; sourceTree = "<group>"; };
		04D52F032120C30400958B46 /* LogViewController.swift */ = {isa = PBXFileReference; lastKnownFileType = sourcecode.swift; path = LogViewController.swift; sourceTree = "<group>"; };
		13D1421FC4B8EC3BE7941F61 /* Pods-Prototype WireframeUITests.debug.xcconfig */ = {isa = PBXFileReference; includeInIndex = 1; lastKnownFileType = text.xcconfig; name = "Pods-Prototype WireframeUITests.debug.xcconfig"; path = "Pods/Target Support Files/Pods-Prototype WireframeUITests/Pods-Prototype WireframeUITests.debug.xcconfig"; sourceTree = "<group>"; };
		4B80F1FEECCF48F4CDA0CBDA /* Pods_Prototype_WireframeTests.framework */ = {isa = PBXFileReference; explicitFileType = wrapper.framework; includeInIndex = 0; path = Pods_Prototype_WireframeTests.framework; sourceTree = BUILT_PRODUCTS_DIR; };
		5FF7D87D7226CC5664567E7B /* Pods-Prototype WireframeTests.release.xcconfig */ = {isa = PBXFileReference; includeInIndex = 1; lastKnownFileType = text.xcconfig; name = "Pods-Prototype WireframeTests.release.xcconfig"; path = "Pods/Target Support Files/Pods-Prototype WireframeTests/Pods-Prototype WireframeTests.release.xcconfig"; sourceTree = "<group>"; };
		64D9372CC6686ED9AD4EEA86 /* Pods-Prototype WireframeUITests.release.xcconfig */ = {isa = PBXFileReference; includeInIndex = 1; lastKnownFileType = text.xcconfig; name = "Pods-Prototype WireframeUITests.release.xcconfig"; path = "Pods/Target Support Files/Pods-Prototype WireframeUITests/Pods-Prototype WireframeUITests.release.xcconfig"; sourceTree = "<group>"; };
		739B0E0426001069F308FC53 /* Pods-Prototype Wireframe.debug.xcconfig */ = {isa = PBXFileReference; includeInIndex = 1; lastKnownFileType = text.xcconfig; name = "Pods-Prototype Wireframe.debug.xcconfig"; path = "Pods/Target Support Files/Pods-Prototype Wireframe/Pods-Prototype Wireframe.debug.xcconfig"; sourceTree = "<group>"; };
		B54B55E44F292CC2DE332232 /* Pods-Prototype Wireframe.release.xcconfig */ = {isa = PBXFileReference; includeInIndex = 1; lastKnownFileType = text.xcconfig; name = "Pods-Prototype Wireframe.release.xcconfig"; path = "Pods/Target Support Files/Pods-Prototype Wireframe/Pods-Prototype Wireframe.release.xcconfig"; sourceTree = "<group>"; };
		BB2BB8C522B6456DD732DEFA /* Pods_Prototype_Wireframe.framework */ = {isa = PBXFileReference; explicitFileType = wrapper.framework; includeInIndex = 0; path = Pods_Prototype_Wireframe.framework; sourceTree = BUILT_PRODUCTS_DIR; };
		DCF7BB278175FA58CC231DDE /* Pods_Prototype_WireframeUITests.framework */ = {isa = PBXFileReference; explicitFileType = wrapper.framework; includeInIndex = 0; path = Pods_Prototype_WireframeUITests.framework; sourceTree = BUILT_PRODUCTS_DIR; };
		E01DE43616CA5455F64842E1 /* Pods-Prototype WireframeTests.debug.xcconfig */ = {isa = PBXFileReference; includeInIndex = 1; lastKnownFileType = text.xcconfig; name = "Pods-Prototype WireframeTests.debug.xcconfig"; path = "Pods/Target Support Files/Pods-Prototype WireframeTests/Pods-Prototype WireframeTests.debug.xcconfig"; sourceTree = "<group>"; };
/* End PBXFileReference section */

/* Begin PBXFrameworksBuildPhase section */
		04679A6D208D3C23006A2434 /* Frameworks */ = {
			isa = PBXFrameworksBuildPhase;
			buildActionMask = 2147483647;
			files = (
				D26ABB6730E5047E9DE87EC1 /* Pods_Prototype_Wireframe.framework in Frameworks */,
			);
			runOnlyForDeploymentPostprocessing = 0;
		};
		04679A81208D3C23006A2434 /* Frameworks */ = {
			isa = PBXFrameworksBuildPhase;
			buildActionMask = 2147483647;
			files = (
				99FA5798A947C67AF6FBEF2B /* Pods_Prototype_WireframeTests.framework in Frameworks */,
			);
			runOnlyForDeploymentPostprocessing = 0;
		};
		04679A8C208D3C24006A2434 /* Frameworks */ = {
			isa = PBXFrameworksBuildPhase;
			buildActionMask = 2147483647;
			files = (
				5E5899CDE2922C2E7804D75F /* Pods_Prototype_WireframeUITests.framework in Frameworks */,
			);
			runOnlyForDeploymentPostprocessing = 0;
		};
/* End PBXFrameworksBuildPhase section */

/* Begin PBXGroup section */
		04679A67208D3C23006A2434 = {
			isa = PBXGroup;
			children = (
				04679A72208D3C23006A2434 /* Prototype Wireframe */,
				04679A87208D3C24006A2434 /* Prototype WireframeTests */,
				04679A92208D3C24006A2434 /* Prototype WireframeUITests */,
				04679A71208D3C23006A2434 /* Products */,
				AA8D7B1C7C663BA72A11DB8A /* Pods */,
				903540BDB2D7D30B58B5F055 /* Frameworks */,
			);
			sourceTree = "<group>";
		};
		04679A71208D3C23006A2434 /* Products */ = {
			isa = PBXGroup;
			children = (
				04679A70208D3C23006A2434 /* Prototype Wireframe.app */,
				04679A84208D3C23006A2434 /* Prototype WireframeTests.xctest */,
				04679A8F208D3C24006A2434 /* Prototype WireframeUITests.xctest */,
			);
			name = Products;
			sourceTree = "<group>";
		};
		04679A72208D3C23006A2434 /* Prototype Wireframe */ = {
			isa = PBXGroup;
			children = (
				04679A7F208D3C23006A2434 /* Info.plist */,
				0471104F20C383080049D29C /* GoogleService-Info.plist */,
				0499103220CAE1D30096858A /* Supporting Files */,
				04CBAFBC20B88443001491E9 /* Controller */,
				04CBAFBB20B8842E001491E9 /* View */,
				04CBAFB920B88416001491E9 /* Model */,
			);
			path = "Prototype Wireframe";
			sourceTree = "<group>";
		};
		04679A87208D3C24006A2434 /* Prototype WireframeTests */ = {
			isa = PBXGroup;
			children = (
				04679A88208D3C24006A2434 /* Prototype_WireframeTests.swift */,
				04679A8A208D3C24006A2434 /* Info.plist */,
			);
			path = "Prototype WireframeTests";
			sourceTree = "<group>";
		};
		04679A92208D3C24006A2434 /* Prototype WireframeUITests */ = {
			isa = PBXGroup;
			children = (
				04679A93208D3C24006A2434 /* Prototype_WireframeUITests.swift */,
				04679A95208D3C24006A2434 /* Info.plist */,
			);
			path = "Prototype WireframeUITests";
			sourceTree = "<group>";
		};
		0471105320C39B6F0049D29C /* LoginFlow */ = {
			isa = PBXGroup;
			children = (
				0471104D20C37EE10049D29C /* WelcomeViewController.swift */,
				0471105120C39B4B0049D29C /* RegisterViewController.swift */,
				0471105720C39C080049D29C /* LoginViewController.swift */,
				04AC4D7920C710D3003D5762 /* MenuBar.swift */,
			);
			path = LoginFlow;
			sourceTree = "<group>";
		};
		0471105420C39B8A0049D29C /* Main */ = {
			isa = PBXGroup;
			children = (
				04679A75208D3C23006A2434 /* GoalViewController.swift */,
				04679AA9209505E8006A2434 /* GoalPageViewController.swift */,
				046C05B220BE5EA600AC1ECA /* DetailViewController.swift */,
				04D52F032120C30400958B46 /* LogViewController.swift */,
				045A4B4020C5D81B00EE7DB5 /* AddFoodViewController.swift */,
				04679AA3208D3DB9006A2434 /* LogTableViewController.swift */,
			);
			path = Main;
			sourceTree = "<group>";
		};
		0499103120CAE1A00096858A /* Database Model  */ = {
			isa = PBXGroup;
			children = (
				0417D7E9213A302F00E3B973 /* Food.swift */,
				042D5E3820E047D0004604BD /* UserData.swift */,
				04D52F0120EDA2B200958B46 /* DBFood.swift */,
				0417D7EF213C4CF400E3B973 /* UnitOfMeasure.swift */,
			);
			path = "Database Model ";
			sourceTree = "<group>";
		};
		0499103220CAE1D30096858A /* Supporting Files */ = {
			isa = PBXGroup;
			children = (
				04679A7A208D3C23006A2434 /* Assets.xcassets */,
				04679A7C208D3C23006A2434 /* LaunchScreen.storyboard */,
			);
			path = "Supporting Files";
			sourceTree = "<group>";
		};
		04CBAFB920B88416001491E9 /* Model */ = {
			isa = PBXGroup;
			children = (
				0499103120CAE1A00096858A /* Database Model  */,
			);
			path = Model;
			sourceTree = "<group>";
		};
		04CBAFBB20B8842E001491E9 /* View */ = {
			isa = PBXGroup;
			children = (
				04679A77208D3C23006A2434 /* Main.storyboard */,
				04D1D38820DA0DA4005A0404 /* DBFoodCell.swift */,
				046C05B020BE2F3C00AC1ECA /* UserFoodCell.swift */,
			);
			path = View;
			sourceTree = "<group>";
		};
		04CBAFBC20B88443001491E9 /* Controller */ = {
			isa = PBXGroup;
			children = (
				04679A73208D3C23006A2434 /* AppDelegate.swift */,
				0471105420C39B8A0049D29C /* Main */,
				0471105320C39B6F0049D29C /* LoginFlow */,
			);
			path = Controller;
			sourceTree = "<group>";
		};
		903540BDB2D7D30B58B5F055 /* Frameworks */ = {
			isa = PBXGroup;
			children = (
				BB2BB8C522B6456DD732DEFA /* Pods_Prototype_Wireframe.framework */,
				4B80F1FEECCF48F4CDA0CBDA /* Pods_Prototype_WireframeTests.framework */,
				DCF7BB278175FA58CC231DDE /* Pods_Prototype_WireframeUITests.framework */,
			);
			name = Frameworks;
			sourceTree = "<group>";
		};
		AA8D7B1C7C663BA72A11DB8A /* Pods */ = {
			isa = PBXGroup;
			children = (
				739B0E0426001069F308FC53 /* Pods-Prototype Wireframe.debug.xcconfig */,
				B54B55E44F292CC2DE332232 /* Pods-Prototype Wireframe.release.xcconfig */,
				E01DE43616CA5455F64842E1 /* Pods-Prototype WireframeTests.debug.xcconfig */,
				5FF7D87D7226CC5664567E7B /* Pods-Prototype WireframeTests.release.xcconfig */,
				13D1421FC4B8EC3BE7941F61 /* Pods-Prototype WireframeUITests.debug.xcconfig */,
				64D9372CC6686ED9AD4EEA86 /* Pods-Prototype WireframeUITests.release.xcconfig */,
			);
			name = Pods;
			sourceTree = "<group>";
		};
/* End PBXGroup section */

/* Begin PBXNativeTarget section */
		04679A6F208D3C23006A2434 /* Prototype Wireframe */ = {
			isa = PBXNativeTarget;
			buildConfigurationList = 04679A98208D3C24006A2434 /* Build configuration list for PBXNativeTarget "Prototype Wireframe" */;
			buildPhases = (
				03F1697DDE909DFD2BD6B8B8 /* [CP] Check Pods Manifest.lock */,
				04679A6C208D3C23006A2434 /* Sources */,
				04679A6D208D3C23006A2434 /* Frameworks */,
				04679A6E208D3C23006A2434 /* Resources */,
				EE3A6D8D961E0DE94E1212C4 /* [CP] Embed Pods Frameworks */,
				67D9C9DFAAFDDBA04F43519B /* [CP] Copy Pods Resources */,
			);
			buildRules = (
			);
			dependencies = (
			);
			name = "Prototype Wireframe";
			productName = "Prototype Wireframe";
			productReference = 04679A70208D3C23006A2434 /* Prototype Wireframe.app */;
			productType = "com.apple.product-type.application";
		};
		04679A83208D3C23006A2434 /* Prototype WireframeTests */ = {
			isa = PBXNativeTarget;
			buildConfigurationList = 04679A9B208D3C24006A2434 /* Build configuration list for PBXNativeTarget "Prototype WireframeTests" */;
			buildPhases = (
				C545A4036393960EF47D46C5 /* [CP] Check Pods Manifest.lock */,
				04679A80208D3C23006A2434 /* Sources */,
				04679A81208D3C23006A2434 /* Frameworks */,
				04679A82208D3C23006A2434 /* Resources */,
				C00A02DEC17D0CFDF058D732 /* [CP] Embed Pods Frameworks */,
				BBB0A1BA88DB64B2D5780097 /* [CP] Copy Pods Resources */,
			);
			buildRules = (
			);
			dependencies = (
				04679A86208D3C23006A2434 /* PBXTargetDependency */,
			);
			name = "Prototype WireframeTests";
			productName = "Prototype WireframeTests";
			productReference = 04679A84208D3C23006A2434 /* Prototype WireframeTests.xctest */;
			productType = "com.apple.product-type.bundle.unit-test";
		};
		04679A8E208D3C24006A2434 /* Prototype WireframeUITests */ = {
			isa = PBXNativeTarget;
			buildConfigurationList = 04679A9E208D3C24006A2434 /* Build configuration list for PBXNativeTarget "Prototype WireframeUITests" */;
			buildPhases = (
				551BE61CBA67336351AB20FC /* [CP] Check Pods Manifest.lock */,
				04679A8B208D3C24006A2434 /* Sources */,
				04679A8C208D3C24006A2434 /* Frameworks */,
				04679A8D208D3C24006A2434 /* Resources */,
				9A41E60DDEAD90E0FA5244C9 /* [CP] Embed Pods Frameworks */,
				9DBB25789FB0E14290691D89 /* [CP] Copy Pods Resources */,
			);
			buildRules = (
			);
			dependencies = (
				04679A91208D3C24006A2434 /* PBXTargetDependency */,
			);
			name = "Prototype WireframeUITests";
			productName = "Prototype WireframeUITests";
			productReference = 04679A8F208D3C24006A2434 /* Prototype WireframeUITests.xctest */;
			productType = "com.apple.product-type.bundle.ui-testing";
		};
/* End PBXNativeTarget section */

/* Begin PBXProject section */
		04679A68208D3C23006A2434 /* Project object */ = {
			isa = PBXProject;
			attributes = {
				LastSwiftUpdateCheck = 0920;
				LastUpgradeCheck = 0920;
				ORGANIZATIONNAME = "Jaime Lai";
				TargetAttributes = {
					04679A6F208D3C23006A2434 = {
						CreatedOnToolsVersion = 9.2;
						ProvisioningStyle = Automatic;
					};
					04679A83208D3C23006A2434 = {
						CreatedOnToolsVersion = 9.2;
						ProvisioningStyle = Automatic;
						TestTargetID = 04679A6F208D3C23006A2434;
					};
					04679A8E208D3C24006A2434 = {
						CreatedOnToolsVersion = 9.2;
						ProvisioningStyle = Automatic;
						TestTargetID = 04679A6F208D3C23006A2434;
					};
				};
			};
			buildConfigurationList = 04679A6B208D3C23006A2434 /* Build configuration list for PBXProject "Prototype Wireframe" */;
			compatibilityVersion = "Xcode 8.0";
			developmentRegion = en;
			hasScannedForEncodings = 0;
			knownRegions = (
				en,
				Base,
			);
			mainGroup = 04679A67208D3C23006A2434;
			productRefGroup = 04679A71208D3C23006A2434 /* Products */;
			projectDirPath = "";
			projectRoot = "";
			targets = (
				04679A6F208D3C23006A2434 /* Prototype Wireframe */,
				04679A83208D3C23006A2434 /* Prototype WireframeTests */,
				04679A8E208D3C24006A2434 /* Prototype WireframeUITests */,
			);
		};
/* End PBXProject section */

/* Begin PBXResourcesBuildPhase section */
		04679A6E208D3C23006A2434 /* Resources */ = {
			isa = PBXResourcesBuildPhase;
			buildActionMask = 2147483647;
			files = (
				04679A7E208D3C23006A2434 /* LaunchScreen.storyboard in Resources */,
				0471105020C383080049D29C /* GoogleService-Info.plist in Resources */,
				04679A7B208D3C23006A2434 /* Assets.xcassets in Resources */,
				04679A79208D3C23006A2434 /* Main.storyboard in Resources */,
			);
			runOnlyForDeploymentPostprocessing = 0;
		};
		04679A82208D3C23006A2434 /* Resources */ = {
			isa = PBXResourcesBuildPhase;
			buildActionMask = 2147483647;
			files = (
			);
			runOnlyForDeploymentPostprocessing = 0;
		};
		04679A8D208D3C24006A2434 /* Resources */ = {
			isa = PBXResourcesBuildPhase;
			buildActionMask = 2147483647;
			files = (
			);
			runOnlyForDeploymentPostprocessing = 0;
		};
/* End PBXResourcesBuildPhase section */

/* Begin PBXShellScriptBuildPhase section */
		03F1697DDE909DFD2BD6B8B8 /* [CP] Check Pods Manifest.lock */ = {
			isa = PBXShellScriptBuildPhase;
			buildActionMask = 2147483647;
			files = (
			);
			inputPaths = (
				"${PODS_PODFILE_DIR_PATH}/Podfile.lock",
				"${PODS_ROOT}/Manifest.lock",
			);
			name = "[CP] Check Pods Manifest.lock";
			outputPaths = (
				"$(DERIVED_FILE_DIR)/Pods-Prototype Wireframe-checkManifestLockResult.txt",
			);
			runOnlyForDeploymentPostprocessing = 0;
			shellPath = /bin/sh;
			shellScript = "diff \"${PODS_PODFILE_DIR_PATH}/Podfile.lock\" \"${PODS_ROOT}/Manifest.lock\" > /dev/null\nif [ $? != 0 ] ; then\n    # print error to STDERR\n    echo \"error: The sandbox is not in sync with the Podfile.lock. Run 'pod install' or update your CocoaPods installation.\" >&2\n    exit 1\nfi\n# This output is used by Xcode 'outputs' to avoid re-running this script phase.\necho \"SUCCESS\" > \"${SCRIPT_OUTPUT_FILE_0}\"\n";
			showEnvVarsInLog = 0;
		};
		551BE61CBA67336351AB20FC /* [CP] Check Pods Manifest.lock */ = {
			isa = PBXShellScriptBuildPhase;
			buildActionMask = 2147483647;
			files = (
			);
			inputPaths = (
				"${PODS_PODFILE_DIR_PATH}/Podfile.lock",
				"${PODS_ROOT}/Manifest.lock",
			);
			name = "[CP] Check Pods Manifest.lock";
			outputPaths = (
				"$(DERIVED_FILE_DIR)/Pods-Prototype WireframeUITests-checkManifestLockResult.txt",
			);
			runOnlyForDeploymentPostprocessing = 0;
			shellPath = /bin/sh;
			shellScript = "diff \"${PODS_PODFILE_DIR_PATH}/Podfile.lock\" \"${PODS_ROOT}/Manifest.lock\" > /dev/null\nif [ $? != 0 ] ; then\n    # print error to STDERR\n    echo \"error: The sandbox is not in sync with the Podfile.lock. Run 'pod install' or update your CocoaPods installation.\" >&2\n    exit 1\nfi\n# This output is used by Xcode 'outputs' to avoid re-running this script phase.\necho \"SUCCESS\" > \"${SCRIPT_OUTPUT_FILE_0}\"\n";
			showEnvVarsInLog = 0;
		};
		67D9C9DFAAFDDBA04F43519B /* [CP] Copy Pods Resources */ = {
			isa = PBXShellScriptBuildPhase;
			buildActionMask = 2147483647;
			files = (
			);
			inputPaths = (
			);
			name = "[CP] Copy Pods Resources";
			outputPaths = (
			);
			runOnlyForDeploymentPostprocessing = 0;
			shellPath = /bin/sh;
			shellScript = "\"${SRCROOT}/Pods/Target Support Files/Pods-Prototype Wireframe/Pods-Prototype Wireframe-resources.sh\"\n";
			showEnvVarsInLog = 0;
		};
		9A41E60DDEAD90E0FA5244C9 /* [CP] Embed Pods Frameworks */ = {
			isa = PBXShellScriptBuildPhase;
			buildActionMask = 2147483647;
			files = (
			);
			inputPaths = (
			);
			name = "[CP] Embed Pods Frameworks";
			outputPaths = (
			);
			runOnlyForDeploymentPostprocessing = 0;
			shellPath = /bin/sh;
			shellScript = "\"${SRCROOT}/Pods/Target Support Files/Pods-Prototype WireframeUITests/Pods-Prototype WireframeUITests-frameworks.sh\"\n";
			showEnvVarsInLog = 0;
		};
		9DBB25789FB0E14290691D89 /* [CP] Copy Pods Resources */ = {
			isa = PBXShellScriptBuildPhase;
			buildActionMask = 2147483647;
			files = (
			);
			inputPaths = (
			);
			name = "[CP] Copy Pods Resources";
			outputPaths = (
			);
			runOnlyForDeploymentPostprocessing = 0;
			shellPath = /bin/sh;
			shellScript = "\"${SRCROOT}/Pods/Target Support Files/Pods-Prototype WireframeUITests/Pods-Prototype WireframeUITests-resources.sh\"\n";
			showEnvVarsInLog = 0;
		};
		BBB0A1BA88DB64B2D5780097 /* [CP] Copy Pods Resources */ = {
			isa = PBXShellScriptBuildPhase;
			buildActionMask = 2147483647;
			files = (
			);
			inputPaths = (
			);
			name = "[CP] Copy Pods Resources";
			outputPaths = (
			);
			runOnlyForDeploymentPostprocessing = 0;
			shellPath = /bin/sh;
			shellScript = "\"${SRCROOT}/Pods/Target Support Files/Pods-Prototype WireframeTests/Pods-Prototype WireframeTests-resources.sh\"\n";
			showEnvVarsInLog = 0;
		};
		C00A02DEC17D0CFDF058D732 /* [CP] Embed Pods Frameworks */ = {
			isa = PBXShellScriptBuildPhase;
			buildActionMask = 2147483647;
			files = (
			);
			inputPaths = (
			);
			name = "[CP] Embed Pods Frameworks";
			outputPaths = (
			);
			runOnlyForDeploymentPostprocessing = 0;
			shellPath = /bin/sh;
			shellScript = "\"${SRCROOT}/Pods/Target Support Files/Pods-Prototype WireframeTests/Pods-Prototype WireframeTests-frameworks.sh\"\n";
			showEnvVarsInLog = 0;
		};
		C545A4036393960EF47D46C5 /* [CP] Check Pods Manifest.lock */ = {
			isa = PBXShellScriptBuildPhase;
			buildActionMask = 2147483647;
			files = (
			);
			inputPaths = (
				"${PODS_PODFILE_DIR_PATH}/Podfile.lock",
				"${PODS_ROOT}/Manifest.lock",
			);
			name = "[CP] Check Pods Manifest.lock";
			outputPaths = (
				"$(DERIVED_FILE_DIR)/Pods-Prototype WireframeTests-checkManifestLockResult.txt",
			);
			runOnlyForDeploymentPostprocessing = 0;
			shellPath = /bin/sh;
			shellScript = "diff \"${PODS_PODFILE_DIR_PATH}/Podfile.lock\" \"${PODS_ROOT}/Manifest.lock\" > /dev/null\nif [ $? != 0 ] ; then\n    # print error to STDERR\n    echo \"error: The sandbox is not in sync with the Podfile.lock. Run 'pod install' or update your CocoaPods installation.\" >&2\n    exit 1\nfi\n# This output is used by Xcode 'outputs' to avoid re-running this script phase.\necho \"SUCCESS\" > \"${SCRIPT_OUTPUT_FILE_0}\"\n";
			showEnvVarsInLog = 0;
		};
		EE3A6D8D961E0DE94E1212C4 /* [CP] Embed Pods Frameworks */ = {
			isa = PBXShellScriptBuildPhase;
			buildActionMask = 2147483647;
			files = (
			);
			inputPaths = (
				"${SRCROOT}/Pods/Target Support Files/Pods-Prototype Wireframe/Pods-Prototype Wireframe-frameworks.sh",
				"${BUILT_PRODUCTS_DIR}/ChameleonFramework/ChameleonFramework.framework",
				"${BUILT_PRODUCTS_DIR}/GTMSessionFetcher/GTMSessionFetcher.framework",
				"${BUILT_PRODUCTS_DIR}/GoogleToolboxForMac/GoogleToolboxForMac.framework",
				"${BUILT_PRODUCTS_DIR}/Realm/Realm.framework",
				"${BUILT_PRODUCTS_DIR}/RealmSwift/RealmSwift.framework",
				"${BUILT_PRODUCTS_DIR}/SVProgressHUD/SVProgressHUD.framework",
				"${BUILT_PRODUCTS_DIR}/leveldb-library/leveldb.framework",
				"${BUILT_PRODUCTS_DIR}/nanopb/nanopb.framework",
			);
			name = "[CP] Embed Pods Frameworks";
			outputPaths = (
				"${TARGET_BUILD_DIR}/${FRAMEWORKS_FOLDER_PATH}/ChameleonFramework.framework",
				"${TARGET_BUILD_DIR}/${FRAMEWORKS_FOLDER_PATH}/GTMSessionFetcher.framework",
				"${TARGET_BUILD_DIR}/${FRAMEWORKS_FOLDER_PATH}/GoogleToolboxForMac.framework",
				"${TARGET_BUILD_DIR}/${FRAMEWORKS_FOLDER_PATH}/Realm.framework",
				"${TARGET_BUILD_DIR}/${FRAMEWORKS_FOLDER_PATH}/RealmSwift.framework",
				"${TARGET_BUILD_DIR}/${FRAMEWORKS_FOLDER_PATH}/SVProgressHUD.framework",
				"${TARGET_BUILD_DIR}/${FRAMEWORKS_FOLDER_PATH}/leveldb.framework",
				"${TARGET_BUILD_DIR}/${FRAMEWORKS_FOLDER_PATH}/nanopb.framework",
			);
			runOnlyForDeploymentPostprocessing = 0;
			shellPath = /bin/sh;
			shellScript = "\"${SRCROOT}/Pods/Target Support Files/Pods-Prototype Wireframe/Pods-Prototype Wireframe-frameworks.sh\"\n";
			showEnvVarsInLog = 0;
		};
/* End PBXShellScriptBuildPhase section */

/* Begin PBXSourcesBuildPhase section */
		04679A6C208D3C23006A2434 /* Sources */ = {
			isa = PBXSourcesBuildPhase;
			buildActionMask = 2147483647;
			files = (
				0471104E20C37EE10049D29C /* WelcomeViewController.swift in Sources */,
				0471105220C39B4B0049D29C /* RegisterViewController.swift in Sources */,
				042D5E3920E047D0004604BD /* UserData.swift in Sources */,
				04D52F042120C30400958B46 /* LogViewController.swift in Sources */,
				04679AA4208D3DB9006A2434 /* LogTableViewController.swift in Sources */,
				04679A76208D3C23006A2434 /* GoalViewController.swift in Sources */,
				0417D7F0213C4CF500E3B973 /* UnitOfMeasure.swift in Sources */,
				046C05B120BE2F3C00AC1ECA /* UserFoodCell.swift in Sources */,
				04679AAA209505E8006A2434 /* GoalPageViewController.swift in Sources */,
				04AC4D7A20C710D3003D5762 /* MenuBar.swift in Sources */,
				04D1D38920DA0DA5005A0404 /* DBFoodCell.swift in Sources */,
				04679A74208D3C23006A2434 /* AppDelegate.swift in Sources */,
				046C05B320BE5EA600AC1ECA /* DetailViewController.swift in Sources */,
				04D52F0220EDA2B200958B46 /* DBFood.swift in Sources */,
				0417D7EA213A302F00E3B973 /* Food.swift in Sources */,
				045A4B4120C5D81B00EE7DB5 /* AddFoodViewController.swift in Sources */,
				0471105820C39C080049D29C /* LoginViewController.swift in Sources */,
			);
			runOnlyForDeploymentPostprocessing = 0;
		};
		04679A80208D3C23006A2434 /* Sources */ = {
			isa = PBXSourcesBuildPhase;
			buildActionMask = 2147483647;
			files = (
				04679A89208D3C24006A2434 /* Prototype_WireframeTests.swift in Sources */,
			);
			runOnlyForDeploymentPostprocessing = 0;
		};
		04679A8B208D3C24006A2434 /* Sources */ = {
			isa = PBXSourcesBuildPhase;
			buildActionMask = 2147483647;
			files = (
				04679A94208D3C24006A2434 /* Prototype_WireframeUITests.swift in Sources */,
			);
			runOnlyForDeploymentPostprocessing = 0;
		};
/* End PBXSourcesBuildPhase section */

/* Begin PBXTargetDependency section */
		04679A86208D3C23006A2434 /* PBXTargetDependency */ = {
			isa = PBXTargetDependency;
			target = 04679A6F208D3C23006A2434 /* Prototype Wireframe */;
			targetProxy = 04679A85208D3C23006A2434 /* PBXContainerItemProxy */;
		};
		04679A91208D3C24006A2434 /* PBXTargetDependency */ = {
			isa = PBXTargetDependency;
			target = 04679A6F208D3C23006A2434 /* Prototype Wireframe */;
			targetProxy = 04679A90208D3C24006A2434 /* PBXContainerItemProxy */;
		};
/* End PBXTargetDependency section */

/* Begin PBXVariantGroup section */
		04679A77208D3C23006A2434 /* Main.storyboard */ = {
			isa = PBXVariantGroup;
			children = (
				04679A78208D3C23006A2434 /* Base */,
			);
			name = Main.storyboard;
			sourceTree = "<group>";
		};
		04679A7C208D3C23006A2434 /* LaunchScreen.storyboard */ = {
			isa = PBXVariantGroup;
			children = (
				04679A7D208D3C23006A2434 /* Base */,
			);
			name = LaunchScreen.storyboard;
			sourceTree = "<group>";
		};
/* End PBXVariantGroup section */

/* Begin XCBuildConfiguration section */
		04679A96208D3C24006A2434 /* Debug */ = {
			isa = XCBuildConfiguration;
			buildSettings = {
				ALWAYS_SEARCH_USER_PATHS = NO;
				CLANG_ANALYZER_NONNULL = YES;
				CLANG_ANALYZER_NUMBER_OBJECT_CONVERSION = YES_AGGRESSIVE;
				CLANG_CXX_LANGUAGE_STANDARD = "gnu++14";
				CLANG_CXX_LIBRARY = "libc++";
				CLANG_ENABLE_MODULES = YES;
				CLANG_ENABLE_OBJC_ARC = YES;
				CLANG_WARN_BLOCK_CAPTURE_AUTORELEASING = YES;
				CLANG_WARN_BOOL_CONVERSION = YES;
				CLANG_WARN_COMMA = YES;
				CLANG_WARN_CONSTANT_CONVERSION = YES;
				CLANG_WARN_DIRECT_OBJC_ISA_USAGE = YES_ERROR;
				CLANG_WARN_DOCUMENTATION_COMMENTS = YES;
				CLANG_WARN_EMPTY_BODY = YES;
				CLANG_WARN_ENUM_CONVERSION = YES;
				CLANG_WARN_INFINITE_RECURSION = YES;
				CLANG_WARN_INT_CONVERSION = YES;
				CLANG_WARN_NON_LITERAL_NULL_CONVERSION = YES;
				CLANG_WARN_OBJC_LITERAL_CONVERSION = YES;
				CLANG_WARN_OBJC_ROOT_CLASS = YES_ERROR;
				CLANG_WARN_RANGE_LOOP_ANALYSIS = YES;
				CLANG_WARN_STRICT_PROTOTYPES = YES;
				CLANG_WARN_SUSPICIOUS_MOVE = YES;
				CLANG_WARN_UNGUARDED_AVAILABILITY = YES_AGGRESSIVE;
				CLANG_WARN_UNREACHABLE_CODE = YES;
				CLANG_WARN__DUPLICATE_METHOD_MATCH = YES;
				CODE_SIGN_IDENTITY = "iPhone Developer";
				COPY_PHASE_STRIP = NO;
				DEBUG_INFORMATION_FORMAT = dwarf;
				ENABLE_STRICT_OBJC_MSGSEND = YES;
				ENABLE_TESTABILITY = YES;
				GCC_C_LANGUAGE_STANDARD = gnu11;
				GCC_DYNAMIC_NO_PIC = NO;
				GCC_NO_COMMON_BLOCKS = YES;
				GCC_OPTIMIZATION_LEVEL = 0;
				GCC_PREPROCESSOR_DEFINITIONS = (
					"DEBUG=1",
					"$(inherited)",
				);
				GCC_WARN_64_TO_32_BIT_CONVERSION = YES;
				GCC_WARN_ABOUT_RETURN_TYPE = YES_ERROR;
				GCC_WARN_UNDECLARED_SELECTOR = YES;
				GCC_WARN_UNINITIALIZED_AUTOS = YES_AGGRESSIVE;
				GCC_WARN_UNUSED_FUNCTION = YES;
				GCC_WARN_UNUSED_VARIABLE = YES;
				IPHONEOS_DEPLOYMENT_TARGET = 11.2;
				MTL_ENABLE_DEBUG_INFO = YES;
				ONLY_ACTIVE_ARCH = YES;
				SDKROOT = iphoneos;
				SWIFT_ACTIVE_COMPILATION_CONDITIONS = DEBUG;
				SWIFT_OPTIMIZATION_LEVEL = "-Onone";
			};
			name = Debug;
		};
		04679A97208D3C24006A2434 /* Release */ = {
			isa = XCBuildConfiguration;
			buildSettings = {
				ALWAYS_SEARCH_USER_PATHS = NO;
				CLANG_ANALYZER_NONNULL = YES;
				CLANG_ANALYZER_NUMBER_OBJECT_CONVERSION = YES_AGGRESSIVE;
				CLANG_CXX_LANGUAGE_STANDARD = "gnu++14";
				CLANG_CXX_LIBRARY = "libc++";
				CLANG_ENABLE_MODULES = YES;
				CLANG_ENABLE_OBJC_ARC = YES;
				CLANG_WARN_BLOCK_CAPTURE_AUTORELEASING = YES;
				CLANG_WARN_BOOL_CONVERSION = YES;
				CLANG_WARN_COMMA = YES;
				CLANG_WARN_CONSTANT_CONVERSION = YES;
				CLANG_WARN_DIRECT_OBJC_ISA_USAGE = YES_ERROR;
				CLANG_WARN_DOCUMENTATION_COMMENTS = YES;
				CLANG_WARN_EMPTY_BODY = YES;
				CLANG_WARN_ENUM_CONVERSION = YES;
				CLANG_WARN_INFINITE_RECURSION = YES;
				CLANG_WARN_INT_CONVERSION = YES;
				CLANG_WARN_NON_LITERAL_NULL_CONVERSION = YES;
				CLANG_WARN_OBJC_LITERAL_CONVERSION = YES;
				CLANG_WARN_OBJC_ROOT_CLASS = YES_ERROR;
				CLANG_WARN_RANGE_LOOP_ANALYSIS = YES;
				CLANG_WARN_STRICT_PROTOTYPES = YES;
				CLANG_WARN_SUSPICIOUS_MOVE = YES;
				CLANG_WARN_UNGUARDED_AVAILABILITY = YES_AGGRESSIVE;
				CLANG_WARN_UNREACHABLE_CODE = YES;
				CLANG_WARN__DUPLICATE_METHOD_MATCH = YES;
				CODE_SIGN_IDENTITY = "iPhone Developer";
				COPY_PHASE_STRIP = NO;
				DEBUG_INFORMATION_FORMAT = "dwarf-with-dsym";
				ENABLE_NS_ASSERTIONS = NO;
				ENABLE_STRICT_OBJC_MSGSEND = YES;
				GCC_C_LANGUAGE_STANDARD = gnu11;
				GCC_NO_COMMON_BLOCKS = YES;
				GCC_WARN_64_TO_32_BIT_CONVERSION = YES;
				GCC_WARN_ABOUT_RETURN_TYPE = YES_ERROR;
				GCC_WARN_UNDECLARED_SELECTOR = YES;
				GCC_WARN_UNINITIALIZED_AUTOS = YES_AGGRESSIVE;
				GCC_WARN_UNUSED_FUNCTION = YES;
				GCC_WARN_UNUSED_VARIABLE = YES;
				IPHONEOS_DEPLOYMENT_TARGET = 11.2;
				MTL_ENABLE_DEBUG_INFO = NO;
				SDKROOT = iphoneos;
				SWIFT_OPTIMIZATION_LEVEL = "-Owholemodule";
				VALIDATE_PRODUCT = YES;
			};
			name = Release;
		};
		04679A99208D3C24006A2434 /* Debug */ = {
			isa = XCBuildConfiguration;
			baseConfigurationReference = 739B0E0426001069F308FC53 /* Pods-Prototype Wireframe.debug.xcconfig */;
			buildSettings = {
				ASSETCATALOG_COMPILER_APPICON_NAME = AppIcon;
				CODE_SIGN_STYLE = Automatic;
				INFOPLIST_FILE = "Prototype Wireframe/Info.plist";
				LD_RUNPATH_SEARCH_PATHS = "$(inherited) @executable_path/Frameworks";
				PRODUCT_BUNDLE_IDENTIFIER = "com.pocket-pt.Prototype-Wireframe";
				PRODUCT_NAME = "$(TARGET_NAME)";
				SWIFT_VERSION = 4.0;
				TARGETED_DEVICE_FAMILY = "1,2";
			};
			name = Debug;
		};
		04679A9A208D3C24006A2434 /* Release */ = {
			isa = XCBuildConfiguration;
			baseConfigurationReference = B54B55E44F292CC2DE332232 /* Pods-Prototype Wireframe.release.xcconfig */;
			buildSettings = {
				ASSETCATALOG_COMPILER_APPICON_NAME = AppIcon;
				CODE_SIGN_STYLE = Automatic;
				INFOPLIST_FILE = "Prototype Wireframe/Info.plist";
				LD_RUNPATH_SEARCH_PATHS = "$(inherited) @executable_path/Frameworks";
				PRODUCT_BUNDLE_IDENTIFIER = "com.pocket-pt.Prototype-Wireframe";
				PRODUCT_NAME = "$(TARGET_NAME)";
				SWIFT_VERSION = 4.0;
				TARGETED_DEVICE_FAMILY = "1,2";
			};
			name = Release;
		};
		04679A9C208D3C24006A2434 /* Debug */ = {
			isa = XCBuildConfiguration;
			baseConfigurationReference = E01DE43616CA5455F64842E1 /* Pods-Prototype WireframeTests.debug.xcconfig */;
			buildSettings = {
				ALWAYS_EMBED_SWIFT_STANDARD_LIBRARIES = YES;
				BUNDLE_LOADER = "$(TEST_HOST)";
				CODE_SIGN_STYLE = Automatic;
				INFOPLIST_FILE = "Prototype WireframeTests/Info.plist";
				LD_RUNPATH_SEARCH_PATHS = "$(inherited) @executable_path/Frameworks @loader_path/Frameworks";
				PRODUCT_BUNDLE_IDENTIFIER = "com.pocket-pt.Prototype-WireframeTests";
				PRODUCT_NAME = "$(TARGET_NAME)";
				SWIFT_VERSION = 4.0;
				TARGETED_DEVICE_FAMILY = "1,2";
				TEST_HOST = "$(BUILT_PRODUCTS_DIR)/Prototype Wireframe.app/Prototype Wireframe";
			};
			name = Debug;
		};
		04679A9D208D3C24006A2434 /* Release */ = {
			isa = XCBuildConfiguration;
			baseConfigurationReference = 5FF7D87D7226CC5664567E7B /* Pods-Prototype WireframeTests.release.xcconfig */;
			buildSettings = {
				ALWAYS_EMBED_SWIFT_STANDARD_LIBRARIES = YES;
				BUNDLE_LOADER = "$(TEST_HOST)";
				CODE_SIGN_STYLE = Automatic;
				INFOPLIST_FILE = "Prototype WireframeTests/Info.plist";
				LD_RUNPATH_SEARCH_PATHS = "$(inherited) @executable_path/Frameworks @loader_path/Frameworks";
				PRODUCT_BUNDLE_IDENTIFIER = "com.pocket-pt.Prototype-WireframeTests";
				PRODUCT_NAME = "$(TARGET_NAME)";
				SWIFT_VERSION = 4.0;
				TARGETED_DEVICE_FAMILY = "1,2";
				TEST_HOST = "$(BUILT_PRODUCTS_DIR)/Prototype Wireframe.app/Prototype Wireframe";
			};
			name = Release;
		};
		04679A9F208D3C24006A2434 /* Debug */ = {
			isa = XCBuildConfiguration;
			baseConfigurationReference = 13D1421FC4B8EC3BE7941F61 /* Pods-Prototype WireframeUITests.debug.xcconfig */;
			buildSettings = {
				ALWAYS_EMBED_SWIFT_STANDARD_LIBRARIES = YES;
				CODE_SIGN_STYLE = Automatic;
				INFOPLIST_FILE = "Prototype WireframeUITests/Info.plist";
				LD_RUNPATH_SEARCH_PATHS = "$(inherited) @executable_path/Frameworks @loader_path/Frameworks";
				PRODUCT_BUNDLE_IDENTIFIER = "com.pocket-pt.Prototype-WireframeUITests";
				PRODUCT_NAME = "$(TARGET_NAME)";
				SWIFT_VERSION = 4.0;
				TARGETED_DEVICE_FAMILY = "1,2";
				TEST_TARGET_NAME = "Prototype Wireframe";
			};
			name = Debug;
		};
		04679AA0208D3C24006A2434 /* Release */ = {
			isa = XCBuildConfiguration;
			baseConfigurationReference = 64D9372CC6686ED9AD4EEA86 /* Pods-Prototype WireframeUITests.release.xcconfig */;
			buildSettings = {
				ALWAYS_EMBED_SWIFT_STANDARD_LIBRARIES = YES;
				CODE_SIGN_STYLE = Automatic;
				INFOPLIST_FILE = "Prototype WireframeUITests/Info.plist";
				LD_RUNPATH_SEARCH_PATHS = "$(inherited) @executable_path/Frameworks @loader_path/Frameworks";
				PRODUCT_BUNDLE_IDENTIFIER = "com.pocket-pt.Prototype-WireframeUITests";
				PRODUCT_NAME = "$(TARGET_NAME)";
				SWIFT_VERSION = 4.0;
				TARGETED_DEVICE_FAMILY = "1,2";
				TEST_TARGET_NAME = "Prototype Wireframe";
			};
			name = Release;
		};
/* End XCBuildConfiguration section */

/* Begin XCConfigurationList section */
		04679A6B208D3C23006A2434 /* Build configuration list for PBXProject "Prototype Wireframe" */ = {
			isa = XCConfigurationList;
			buildConfigurations = (
				04679A96208D3C24006A2434 /* Debug */,
				04679A97208D3C24006A2434 /* Release */,
			);
			defaultConfigurationIsVisible = 0;
			defaultConfigurationName = Release;
		};
		04679A98208D3C24006A2434 /* Build configuration list for PBXNativeTarget "Prototype Wireframe" */ = {
			isa = XCConfigurationList;
			buildConfigurations = (
				04679A99208D3C24006A2434 /* Debug */,
				04679A9A208D3C24006A2434 /* Release */,
			);
			defaultConfigurationIsVisible = 0;
			defaultConfigurationName = Release;
		};
		04679A9B208D3C24006A2434 /* Build configuration list for PBXNativeTarget "Prototype WireframeTests" */ = {
			isa = XCConfigurationList;
			buildConfigurations = (
				04679A9C208D3C24006A2434 /* Debug */,
				04679A9D208D3C24006A2434 /* Release */,
			);
			defaultConfigurationIsVisible = 0;
			defaultConfigurationName = Release;
		};
		04679A9E208D3C24006A2434 /* Build configuration list for PBXNativeTarget "Prototype WireframeUITests" */ = {
			isa = XCConfigurationList;
			buildConfigurations = (
				04679A9F208D3C24006A2434 /* Debug */,
				04679AA0208D3C24006A2434 /* Release */,
			);
			defaultConfigurationIsVisible = 0;
			defaultConfigurationName = Release;
		};
/* End XCConfigurationList section */
	};
	rootObject = 04679A68208D3C23006A2434 /* Project object */;
}
